{
  "name": "node-sdm",
  "version": "1.0.0",
  "lockfileVersion": 1,
  "requires": true,
  "dependencies": {
    "node-aes-cmac": {
      "version": "0.1.1",
      "resolved": "https://registry.npmjs.org/node-aes-cmac/-/node-aes-cmac-0.1.1.tgz",
      "integrity": "sha1-m//4ay9j45SeKCi9hfW2gltwKEQ="
    }
  }
}
